// !$*UTF8*$!
{
	archiveVersion = 1;
	classes = {
	};
	objectVersion = 56;
	objects = {

/* Begin PBXBuildFile section */
		3D574ED52A37F56C002377E4 /* ToDoListApp.swift in Sources */ = {isa = PBXBuildFile; fileRef = 3D574ED42A37F56C002377E4 /* ToDoListApp.swift */; };
		3D574ED72A37F56C002377E4 /* ContentView.swift in Sources */ = {isa = PBXBuildFile; fileRef = 3D574ED62A37F56C002377E4 /* ContentView.swift */; };
		3D574ED92A37F56D002377E4 /* Assets.xcassets in Resources */ = {isa = PBXBuildFile; fileRef = 3D574ED82A37F56D002377E4 /* Assets.xcassets */; };
		3D574EDC2A37F56D002377E4 /* Preview Assets.xcassets in Resources */ = {isa = PBXBuildFile; fileRef = 3D574EDB2A37F56D002377E4 /* Preview Assets.xcassets */; };
		3D574EE62A37F56D002377E4 /* ToDoListTests.swift in Sources */ = {isa = PBXBuildFile; fileRef = 3D574EE52A37F56D002377E4 /* ToDoListTests.swift */; };
		3D574EF02A37F56D002377E4 /* ToDoListUITests.swift in Sources */ = {isa = PBXBuildFile; fileRef = 3D574EEF2A37F56D002377E4 /* ToDoListUITests.swift */; };
		3D574EF22A37F56D002377E4 /* ToDoListUITestsLaunchTests.swift in Sources */ = {isa = PBXBuildFile; fileRef = 3D574EF12A37F56D002377E4 /* ToDoListUITestsLaunchTests.swift */; };
		3D574F002A37F65E002377E4 /* ToDoVM.swift in Sources */ = {isa = PBXBuildFile; fileRef = 3D574EFF2A37F65E002377E4 /* ToDoVM.swift */; };
		3D574F0B2A39E042002377E4 /* Realm in Frameworks */ = {isa = PBXBuildFile; productRef = 3D574F0A2A39E042002377E4 /* Realm */; };
		3D574F0D2A39E042002377E4 /* RealmSwift in Frameworks */ = {isa = PBXBuildFile; productRef = 3D574F0C2A39E042002377E4 /* RealmSwift */; };
		3D574F102A39EAB4002377E4 /* Array+Ext.swift in Sources */ = {isa = PBXBuildFile; fileRef = 3D574F0F2A39EAB4002377E4 /* Array+Ext.swift */; };
		3D574F142A3A9DCA002377E4 /* ColorFile.swift in Sources */ = {isa = PBXBuildFile; fileRef = 3D574F132A3A9DCA002377E4 /* ColorFile.swift */; };
/* End PBXBuildFile section */

/* Begin PBXContainerItemProxy section */
		3D574EE22A37F56D002377E4 /* PBXContainerItemProxy */ = {
			isa = PBXContainerItemProxy;
			containerPortal = 3D574EC92A37F56C002377E4 /* Project object */;
			proxyType = 1;
			remoteGlobalIDString = 3D574ED02A37F56C002377E4;
			remoteInfo = ToDoList;
		};
		3D574EEC2A37F56D002377E4 /* PBXContainerItemProxy */ = {
			isa = PBXContainerItemProxy;
			containerPortal = 3D574EC92A37F56C002377E4 /* Project object */;
			proxyType = 1;
			remoteGlobalIDString = 3D574ED02A37F56C002377E4;
			remoteInfo = ToDoList;
		};
/* End PBXContainerItemProxy section */

/* Begin PBXFileReference section */
		3D574ED12A37F56C002377E4 /* ToDoList.app */ = {isa = PBXFileReference; explicitFileType = wrapper.application; includeInIndex = 0; path = ToDoList.app; sourceTree = BUILT_PRODUCTS_DIR; };
		3D574ED42A37F56C002377E4 /* ToDoListApp.swift */ = {isa = PBXFileReference; lastKnownFileType = sourcecode.swift; path = ToDoListApp.swift; sourceTree = "<group>"; };
		3D574ED62A37F56C002377E4 /* ContentView.swift */ = {isa = PBXFileReference; lastKnownFileType = sourcecode.swift; path = ContentView.swift; sourceTree = "<group>"; };
		3D574ED82A37F56D002377E4 /* Assets.xcassets */ = {isa = PBXFileReference; lastKnownFileType = folder.assetcatalog; path = Assets.xcassets; sourceTree = "<group>"; };
		3D574EDB2A37F56D002377E4 /* Preview Assets.xcassets */ = {isa = PBXFileReference; lastKnownFileType = folder.assetcatalog; path = "Preview Assets.xcassets"; sourceTree = "<group>"; };
		3D574EE12A37F56D002377E4 /* ToDoListTests.xctest */ = {isa = PBXFileReference; explicitFileType = wrapper.cfbundle; includeInIndex = 0; path = ToDoListTests.xctest; sourceTree = BUILT_PRODUCTS_DIR; };
		3D574EE52A37F56D002377E4 /* ToDoListTests.swift */ = {isa = PBXFileReference; lastKnownFileType = sourcecode.swift; path = ToDoListTests.swift; sourceTree = "<group>"; };
		3D574EEB2A37F56D002377E4 /* ToDoListUITests.xctest */ = {isa = PBXFileReference; explicitFileType = wrapper.cfbundle; includeInIndex = 0; path = ToDoListUITests.xctest; sourceTree = BUILT_PRODUCTS_DIR; };
		3D574EEF2A37F56D002377E4 /* ToDoListUITests.swift */ = {isa = PBXFileReference; lastKnownFileType = sourcecode.swift; path = ToDoListUITests.swift; sourceTree = "<group>"; };
		3D574EF12A37F56D002377E4 /* ToDoListUITestsLaunchTests.swift */ = {isa = PBXFileReference; lastKnownFileType = sourcecode.swift; path = ToDoListUITestsLaunchTests.swift; sourceTree = "<group>"; };
		3D574EFF2A37F65E002377E4 /* ToDoVM.swift */ = {isa = PBXFileReference; fileEncoding = 4; lastKnownFileType = sourcecode.swift; path = ToDoVM.swift; sourceTree = "<group>"; };
		3D574F0F2A39EAB4002377E4 /* Array+Ext.swift */ = {isa = PBXFileReference; fileEncoding = 4; lastKnownFileType = sourcecode.swift; path = "Array+Ext.swift"; sourceTree = "<group>"; };
		3D574F132A3A9DCA002377E4 /* ColorFile.swift */ = {isa = PBXFileReference; fileEncoding = 4; lastKnownFileType = sourcecode.swift; path = ColorFile.swift; sourceTree = "<group>"; };
/* End PBXFileReference section */

/* Begin PBXFrameworksBuildPhase section */
		3D574ECE2A37F56C002377E4 /* Frameworks */ = {
			isa = PBXFrameworksBuildPhase;
			buildActionMask = 2147483647;
			files = (
				3D574F0D2A39E042002377E4 /* RealmSwift in Frameworks */,
				3D574F0B2A39E042002377E4 /* Realm in Frameworks */,
			);
			runOnlyForDeploymentPostprocessing = 0;
		};
		3D574EDE2A37F56D002377E4 /* Frameworks */ = {
			isa = PBXFrameworksBuildPhase;
			buildActionMask = 2147483647;
			files = (
			);
			runOnlyForDeploymentPostprocessing = 0;
		};
		3D574EE82A37F56D002377E4 /* Frameworks */ = {
			isa = PBXFrameworksBuildPhase;
			buildActionMask = 2147483647;
			files = (
			);
			runOnlyForDeploymentPostprocessing = 0;
		};
/* End PBXFrameworksBuildPhase section */

/* Begin PBXGroup section */
		3D574EC82A37F56C002377E4 = {
			isa = PBXGroup;
			children = (
				3D574ED32A37F56C002377E4 /* ToDoList */,
				3D574EE42A37F56D002377E4 /* ToDoListTests */,
				3D574EEE2A37F56D002377E4 /* ToDoListUITests */,
				3D574ED22A37F56C002377E4 /* Products */,
			);
			sourceTree = "<group>";
		};
		3D574ED22A37F56C002377E4 /* Products */ = {
			isa = PBXGroup;
			children = (
				3D574ED12A37F56C002377E4 /* ToDoList.app */,
				3D574EE12A37F56D002377E4 /* ToDoListTests.xctest */,
				3D574EEB2A37F56D002377E4 /* ToDoListUITests.xctest */,
			);
			name = Products;
			sourceTree = "<group>";
		};
		3D574ED32A37F56C002377E4 /* ToDoList */ = {
			isa = PBXGroup;
			children = (
				3D574ED42A37F56C002377E4 /* ToDoListApp.swift */,
				3D574ED62A37F56C002377E4 /* ContentView.swift */,
				3D574ED82A37F56D002377E4 /* Assets.xcassets */,
				3D574F132A3A9DCA002377E4 /* ColorFile.swift */,
				3D574F0E2A39EA70002377E4 /* Extension */,
				3D574EFE2A37F646002377E4 /* ViewModel */,
				3D574EDA2A37F56D002377E4 /* Preview Content */,
			);
			path = ToDoList;
			sourceTree = "<group>";
		};
		3D574EDA2A37F56D002377E4 /* Preview Content */ = {
			isa = PBXGroup;
			children = (
				3D574EDB2A37F56D002377E4 /* Preview Assets.xcassets */,
			);
			path = "Preview Content";
			sourceTree = "<group>";
		};
		3D574EE42A37F56D002377E4 /* ToDoListTests */ = {
			isa = PBXGroup;
			children = (
				3D574EE52A37F56D002377E4 /* ToDoListTests.swift */,
			);
			path = ToDoListTests;
			sourceTree = "<group>";
		};
		3D574EEE2A37F56D002377E4 /* ToDoListUITests */ = {
			isa = PBXGroup;
			children = (
				3D574EEF2A37F56D002377E4 /* ToDoListUITests.swift */,
				3D574EF12A37F56D002377E4 /* ToDoListUITestsLaunchTests.swift */,
			);
			path = ToDoListUITests;
			sourceTree = "<group>";
		};
		3D574EFE2A37F646002377E4 /* ViewModel */ = {
			isa = PBXGroup;
			children = (
				3D574EFF2A37F65E002377E4 /* ToDoVM.swift */,
			);
			path = ViewModel;
			sourceTree = "<group>";
		};
		3D574F0E2A39EA70002377E4 /* Extension */ = {
			isa = PBXGroup;
			children = (
				3D574F0F2A39EAB4002377E4 /* Array+Ext.swift */,
			);
			path = Extension;
			sourceTree = "<group>";
		};
/* End PBXGroup section */

/* Begin PBXNativeTarget section */
		3D574ED02A37F56C002377E4 /* ToDoList */ = {
			isa = PBXNativeTarget;
			buildConfigurationList = 3D574EF52A37F56D002377E4 /* Build configuration list for PBXNativeTarget "ToDoList" */;
			buildPhases = (
				3D574ECD2A37F56C002377E4 /* Sources */,
				3D574ECE2A37F56C002377E4 /* Frameworks */,
				3D574ECF2A37F56C002377E4 /* Resources */,
			);
			buildRules = (
			);
			dependencies = (
			);
			name = ToDoList;
			packageProductDependencies = (
				3D574F0A2A39E042002377E4 /* Realm */,
				3D574F0C2A39E042002377E4 /* RealmSwift */,
			);
			productName = ToDoList;
			productReference = 3D574ED12A37F56C002377E4 /* ToDoList.app */;
			productType = "com.apple.product-type.application";
		};
		3D574EE02A37F56D002377E4 /* ToDoListTests */ = {
			isa = PBXNativeTarget;
			buildConfigurationList = 3D574EF82A37F56D002377E4 /* Build configuration list for PBXNativeTarget "ToDoListTests" */;
			buildPhases = (
				3D574EDD2A37F56D002377E4 /* Sources */,
				3D574EDE2A37F56D002377E4 /* Frameworks */,
				3D574EDF2A37F56D002377E4 /* Resources */,
			);
			buildRules = (
			);
			dependencies = (
				3D574EE32A37F56D002377E4 /* PBXTargetDependency */,
			);
			name = ToDoListTests;
			productName = ToDoListTests;
			productReference = 3D574EE12A37F56D002377E4 /* ToDoListTests.xctest */;
			productType = "com.apple.product-type.bundle.unit-test";
		};
		3D574EEA2A37F56D002377E4 /* ToDoListUITests */ = {
			isa = PBXNativeTarget;
			buildConfigurationList = 3D574EFB2A37F56D002377E4 /* Build configuration list for PBXNativeTarget "ToDoListUITests" */;
			buildPhases = (
				3D574EE72A37F56D002377E4 /* Sources */,
				3D574EE82A37F56D002377E4 /* Frameworks */,
				3D574EE92A37F56D002377E4 /* Resources */,
			);
			buildRules = (
			);
			dependencies = (
				3D574EED2A37F56D002377E4 /* PBXTargetDependency */,
			);
			name = ToDoListUITests;
			productName = ToDoListUITests;
			productReference = 3D574EEB2A37F56D002377E4 /* ToDoListUITests.xctest */;
			productType = "com.apple.product-type.bundle.ui-testing";
		};
/* End PBXNativeTarget section */

/* Begin PBXProject section */
		3D574EC92A37F56C002377E4 /* Project object */ = {
			isa = PBXProject;
			attributes = {
				BuildIndependentTargetsInParallel = 1;
				LastSwiftUpdateCheck = 1430;
				LastUpgradeCheck = 1430;
				TargetAttributes = {
					3D574ED02A37F56C002377E4 = {
						CreatedOnToolsVersion = 14.3.1;
					};
					3D574EE02A37F56D002377E4 = {
						CreatedOnToolsVersion = 14.3.1;
						TestTargetID = 3D574ED02A37F56C002377E4;
					};
					3D574EEA2A37F56D002377E4 = {
						CreatedOnToolsVersion = 14.3.1;
						TestTargetID = 3D574ED02A37F56C002377E4;
					};
				};
			};
			buildConfigurationList = 3D574ECC2A37F56C002377E4 /* Build configuration list for PBXProject "ToDoList" */;
			compatibilityVersion = "Xcode 14.0";
			developmentRegion = en;
			hasScannedForEncodings = 0;
			knownRegions = (
				en,
				Base,
			);
			mainGroup = 3D574EC82A37F56C002377E4;
			packageReferences = (
				3D574F092A39E042002377E4 /* XCRemoteSwiftPackageReference "realm-cocoa" */,
			);
			productRefGroup = 3D574ED22A37F56C002377E4 /* Products */;
			projectDirPath = "";
			projectRoot = "";
			targets = (
				3D574ED02A37F56C002377E4 /* ToDoList */,
				3D574EE02A37F56D002377E4 /* ToDoListTests */,
				3D574EEA2A37F56D002377E4 /* ToDoListUITests */,
			);
		};
/* End PBXProject section */

/* Begin PBXResourcesBuildPhase section */
		3D574ECF2A37F56C002377E4 /* Resources */ = {
			isa = PBXResourcesBuildPhase;
			buildActionMask = 2147483647;
			files = (
				3D574EDC2A37F56D002377E4 /* Preview Assets.xcassets in Resources */,
				3D574ED92A37F56D002377E4 /* Assets.xcassets in Resources */,
			);
			runOnlyForDeploymentPostprocessing = 0;
		};
		3D574EDF2A37F56D002377E4 /* Resources */ = {
			isa = PBXResourcesBuildPhase;
			buildActionMask = 2147483647;
			files = (
			);
			runOnlyForDeploymentPostprocessing = 0;
		};
		3D574EE92A37F56D002377E4 /* Resources */ = {
			isa = PBXResourcesBuildPhase;
			buildActionMask = 2147483647;
			files = (
			);
			runOnlyForDeploymentPostprocessing = 0;
		};
/* End PBXResourcesBuildPhase section */

/* Begin PBXSourcesBuildPhase section */
		3D574ECD2A37F56C002377E4 /* Sources */ = {
			isa = PBXSourcesBuildPhase;
			buildActionMask = 2147483647;
			files = (
				3D574ED72A37F56C002377E4 /* ContentView.swift in Sources */,
				3D574F102A39EAB4002377E4 /* Array+Ext.swift in Sources */,
				3D574ED52A37F56C002377E4 /* ToDoListApp.swift in Sources */,
				3D574F142A3A9DCA002377E4 /* ColorFile.swift in Sources */,
				3D574F002A37F65E002377E4 /* ToDoVM.swift in Sources */,
			);
			runOnlyForDeploymentPostprocessing = 0;
		};
		3D574EDD2A37F56D002377E4 /* Sources */ = {
			isa = PBXSourcesBuildPhase;
			buildActionMask = 2147483647;
			files = (
				3D574EE62A37F56D002377E4 /* ToDoListTests.swift in Sources */,
			);
			runOnlyForDeploymentPostprocessing = 0;
		};
		3D574EE72A37F56D002377E4 /* Sources */ = {
			isa = PBXSourcesBuildPhase;
			buildActionMask = 2147483647;
			files = (
				3D574EF22A37F56D002377E4 /* ToDoListUITestsLaunchTests.swift in Sources */,
				3D574EF02A37F56D002377E4 /* ToDoListUITests.swift in Sources */,
			);
			runOnlyForDeploymentPostprocessing = 0;
		};
/* End PBXSourcesBuildPhase section */

/* Begin PBXTargetDependency section */
		3D574EE32A37F56D002377E4 /* PBXTargetDependency */ = {
			isa = PBXTargetDependency;
			target = 3D574ED02A37F56C002377E4 /* ToDoList */;
			targetProxy = 3D574EE22A37F56D002377E4 /* PBXContainerItemProxy */;
		};
		3D574EED2A37F56D002377E4 /* PBXTargetDependency */ = {
			isa = PBXTargetDependency;
			target = 3D574ED02A37F56C002377E4 /* ToDoList */;
			targetProxy = 3D574EEC2A37F56D002377E4 /* PBXContainerItemProxy */;
		};
/* End PBXTargetDependency section */

/* Begin XCBuildConfiguration section */
		3D574EF32A37F56D002377E4 /* Debug */ = {
			isa = XCBuildConfiguration;
			buildSettings = {
				ALWAYS_SEARCH_USER_PATHS = NO;
				CLANG_ANALYZER_NONNULL = YES;
				CLANG_ANALYZER_NUMBER_OBJECT_CONVERSION = YES_AGGRESSIVE;
				CLANG_CXX_LANGUAGE_STANDARD = "gnu++20";
				CLANG_ENABLE_MODULES = YES;
				CLANG_ENABLE_OBJC_ARC = YES;
				CLANG_ENABLE_OBJC_WEAK = YES;
				CLANG_WARN_BLOCK_CAPTURE_AUTORELEASING = YES;
				CLANG_WARN_BOOL_CONVERSION = YES;
				CLANG_WARN_COMMA = YES;
				CLANG_WARN_CONSTANT_CONVERSION = YES;
				CLANG_WARN_DEPRECATED_OBJC_IMPLEMENTATIONS = YES;
				CLANG_WARN_DIRECT_OBJC_ISA_USAGE = YES_ERROR;
				CLANG_WARN_DOCUMENTATION_COMMENTS = YES;
				CLANG_WARN_EMPTY_BODY = YES;
				CLANG_WARN_ENUM_CONVERSION = YES;
				CLANG_WARN_INFINITE_RECURSION = YES;
				CLANG_WARN_INT_CONVERSION = YES;
				CLANG_WARN_NON_LITERAL_NULL_CONVERSION = YES;
				CLANG_WARN_OBJC_IMPLICIT_RETAIN_SELF = YES;
				CLANG_WARN_OBJC_LITERAL_CONVERSION = YES;
				CLANG_WARN_OBJC_ROOT_CLASS = YES_ERROR;
				CLANG_WARN_QUOTED_INCLUDE_IN_FRAMEWORK_HEADER = YES;
				CLANG_WARN_RANGE_LOOP_ANALYSIS = YES;
				CLANG_WARN_STRICT_PROTOTYPES = YES;
				CLANG_WARN_SUSPICIOUS_MOVE = YES;
				CLANG_WARN_UNGUARDED_AVAILABILITY = YES_AGGRESSIVE;
				CLANG_WARN_UNREACHABLE_CODE = YES;
				CLANG_WARN__DUPLICATE_METHOD_MATCH = YES;
				COPY_PHASE_STRIP = NO;
				DEBUG_INFORMATION_FORMAT = dwarf;
				ENABLE_STRICT_OBJC_MSGSEND = YES;
				ENABLE_TESTABILITY = YES;
				GCC_C_LANGUAGE_STANDARD = gnu11;
				GCC_DYNAMIC_NO_PIC = NO;
				GCC_NO_COMMON_BLOCKS = YES;
				GCC_OPTIMIZATION_LEVEL = 0;
				GCC_PREPROCESSOR_DEFINITIONS = (
					"DEBUG=1",
					"$(inherited)",
				);
				GCC_WARN_64_TO_32_BIT_CONVERSION = YES;
				GCC_WARN_ABOUT_RETURN_TYPE = YES_ERROR;
				GCC_WARN_UNDECLARED_SELECTOR = YES;
				GCC_WARN_UNINITIALIZED_AUTOS = YES_AGGRESSIVE;
				GCC_WARN_UNUSED_FUNCTION = YES;
				GCC_WARN_UNUSED_VARIABLE = YES;
				IPHONEOS_DEPLOYMENT_TARGET = 16.4;
				MTL_ENABLE_DEBUG_INFO = INCLUDE_SOURCE;
				MTL_FAST_MATH = YES;
				ONLY_ACTIVE_ARCH = YES;
				SDKROOT = iphoneos;
				SWIFT_ACTIVE_COMPILATION_CONDITIONS = DEBUG;
				SWIFT_OPTIMIZATION_LEVEL = "-Onone";
			};
			name = Debug;
		};
		3D574EF42A37F56D002377E4 /* Release */ = {
			isa = XCBuildConfiguration;
			buildSettings = {
				ALWAYS_SEARCH_USER_PATHS = NO;
				CLANG_ANALYZER_NONNULL = YES;
				CLANG_ANALYZER_NUMBER_OBJECT_CONVERSION = YES_AGGRESSIVE;
				CLANG_CXX_LANGUAGE_STANDARD = "gnu++20";
				CLANG_ENABLE_MODULES = YES;
				CLANG_ENABLE_OBJC_ARC = YES;
				CLANG_ENABLE_OBJC_WEAK = YES;
				CLANG_WARN_BLOCK_CAPTURE_AUTORELEASING = YES;
				CLANG_WARN_BOOL_CONVERSION = YES;
				CLANG_WARN_COMMA = YES;
				CLANG_WARN_CONSTANT_CONVERSION = YES;
				CLANG_WARN_DEPRECATED_OBJC_IMPLEMENTATIONS = YES;
				CLANG_WARN_DIRECT_OBJC_ISA_USAGE = YES_ERROR;
				CLANG_WARN_DOCUMENTATION_COMMENTS = YES;
				CLANG_WARN_EMPTY_BODY = YES;
				CLANG_WARN_ENUM_CONVERSION = YES;
				CLANG_WARN_INFINITE_RECURSION = YES;
				CLANG_WARN_INT_CONVERSION = YES;
				CLANG_WARN_NON_LITERAL_NULL_CONVERSION = YES;
				CLANG_WARN_OBJC_IMPLICIT_RETAIN_SELF = YES;
				CLANG_WARN_OBJC_LITERAL_CONVERSION = YES;
				CLANG_WARN_OBJC_ROOT_CLASS = YES_ERROR;
				CLANG_WARN_QUOTED_INCLUDE_IN_FRAMEWORK_HEADER = YES;
				CLANG_WARN_RANGE_LOOP_ANALYSIS = YES;
				CLANG_WARN_STRICT_PROTOTYPES = YES;
				CLANG_WARN_SUSPICIOUS_MOVE = YES;
				CLANG_WARN_UNGUARDED_AVAILABILITY = YES_AGGRESSIVE;
				CLANG_WARN_UNREACHABLE_CODE = YES;
				CLANG_WARN__DUPLICATE_METHOD_MATCH = YES;
				COPY_PHASE_STRIP = NO;
				DEBUG_INFORMATION_FORMAT = "dwarf-with-dsym";
				ENABLE_NS_ASSERTIONS = NO;
				ENABLE_STRICT_OBJC_MSGSEND = YES;
				GCC_C_LANGUAGE_STANDARD = gnu11;
				GCC_NO_COMMON_BLOCKS = YES;
				GCC_WARN_64_TO_32_BIT_CONVERSION = YES;
				GCC_WARN_ABOUT_RETURN_TYPE = YES_ERROR;
				GCC_WARN_UNDECLARED_SELECTOR = YES;
				GCC_WARN_UNINITIALIZED_AUTOS = YES_AGGRESSIVE;
				GCC_WARN_UNUSED_FUNCTION = YES;
				GCC_WARN_UNUSED_VARIABLE = YES;
				IPHONEOS_DEPLOYMENT_TARGET = 16.4;
				MTL_ENABLE_DEBUG_INFO = NO;
				MTL_FAST_MATH = YES;
				SDKROOT = iphoneos;
				SWIFT_COMPILATION_MODE = wholemodule;
				SWIFT_OPTIMIZATION_LEVEL = "-O";
				VALIDATE_PRODUCT = YES;
			};
			name = Release;
		};
		3D574EF62A37F56D002377E4 /* Debug */ = {
			isa = XCBuildConfiguration;
			buildSettings = {
				ASSETCATALOG_COMPILER_APPICON_NAME = AppIcon;
				ASSETCATALOG_COMPILER_GLOBAL_ACCENT_COLOR_NAME = AccentColor;
				CODE_SIGN_STYLE = Automatic;
				CURRENT_PROJECT_VERSION = 1;
				DEVELOPMENT_ASSET_PATHS = "\"ToDoList/Preview Content\"";
				DEVELOPMENT_TEAM = 9KUB4777W2;
				ENABLE_PREVIEWS = YES;
				GENERATE_INFOPLIST_FILE = YES;
				INFOPLIST_KEY_UIApplicationSceneManifest_Generation = YES;
				INFOPLIST_KEY_UIApplicationSupportsIndirectInputEvents = YES;
				INFOPLIST_KEY_UILaunchScreen_Generation = YES;
				INFOPLIST_KEY_UISupportedInterfaceOrientations_iPad = "UIInterfaceOrientationPortrait UIInterfaceOrientationPortraitUpsideDown UIInterfaceOrientationLandscapeLeft UIInterfaceOrientationLandscapeRight";
				INFOPLIST_KEY_UISupportedInterfaceOrientations_iPhone = "UIInterfaceOrientationPortrait UIInterfaceOrientationLandscapeLeft UIInterfaceOrientationLandscapeRight";
				LD_RUNPATH_SEARCH_PATHS = (
					"$(inherited)",
					"@executable_path/Frameworks",
				);
				MARKETING_VERSION = 1.0;
				PRODUCT_BUNDLE_IDENTIFIER = "com.jeck-lee.ToDoList";
				PRODUCT_NAME = "$(TARGET_NAME)";
				SWIFT_EMIT_LOC_STRINGS = YES;
				SWIFT_VERSION = 5.0;
				TARGETED_DEVICE_FAMILY = "1,2";
			};
			name = Debug;
		};
		3D574EF72A37F56D002377E4 /* Release */ = {
			isa = XCBuildConfiguration;
			buildSettings = {
				ASSETCATALOG_COMPILER_APPICON_NAME = AppIcon;
				ASSETCATALOG_COMPILER_GLOBAL_ACCENT_COLOR_NAME = AccentColor;
				CODE_SIGN_STYLE = Automatic;
				CURRENT_PROJECT_VERSION = 1;
				DEVELOPMENT_ASSET_PATHS = "\"ToDoList/Preview Content\"";
				DEVELOPMENT_TEAM = 9KUB4777W2;
				ENABLE_PREVIEWS = YES;
				GENERATE_INFOPLIST_FILE = YES;
				INFOPLIST_KEY_UIApplicationSceneManifest_Generation = YES;
				INFOPLIST_KEY_UIApplicationSupportsIndirectInputEvents = YES;
				INFOPLIST_KEY_UILaunchScreen_Generation = YES;
				INFOPLIST_KEY_UISupportedInterfaceOrientations_iPad = "UIInterfaceOrientationPortrait UIInterfaceOrientationPortraitUpsideDown UIInterfaceOrientationLandscapeLeft UIInterfaceOrientationLandscapeRight";
				INFOPLIST_KEY_UISupportedInterfaceOrientations_iPhone = "UIInterfaceOrientationPortrait UIInterfaceOrientationLandscapeLeft UIInterfaceOrientationLandscapeRight";
				LD_RUNPATH_SEARCH_PATHS = (
					"$(inherited)",
					"@executable_path/Frameworks",
				);
				MARKETING_VERSION = 1.0;
				PRODUCT_BUNDLE_IDENTIFIER = "com.jeck-lee.ToDoList";
				PRODUCT_NAME = "$(TARGET_NAME)";
				SWIFT_EMIT_LOC_STRINGS = YES;
				SWIFT_VERSION = 5.0;
				TARGETED_DEVICE_FAMILY = "1,2";
			};
			name = Release;
		};
		3D574EF92A37F56D002377E4 /* Debug */ = {
			isa = XCBuildConfiguration;
			buildSettings = {
				ALWAYS_EMBED_SWIFT_STANDARD_LIBRARIES = YES;
				BUNDLE_LOADER = "$(TEST_HOST)";
				CODE_SIGN_STYLE = Automatic;
				CURRENT_PROJECT_VERSION = 1;
				DEVELOPMENT_TEAM = 9KUB4777W2;
				GENERATE_INFOPLIST_FILE = YES;
				IPHONEOS_DEPLOYMENT_TARGET = 16.4;
				MARKETING_VERSION = 1.0;
				PRODUCT_BUNDLE_IDENTIFIER = "com.jeck-lee.ToDoListTests";
				PRODUCT_NAME = "$(TARGET_NAME)";
				SWIFT_EMIT_LOC_STRINGS = NO;
				SWIFT_VERSION = 5.0;
				TARGETED_DEVICE_FAMILY = "1,2";
				TEST_HOST = "$(BUILT_PRODUCTS_DIR)/ToDoList.app/$(BUNDLE_EXECUTABLE_FOLDER_PATH)/ToDoList";
			};
			name = Debug;
		};
		3D574EFA2A37F56D002377E4 /* Release */ = {
			isa = XCBuildConfiguration;
			buildSettings = {
				ALWAYS_EMBED_SWIFT_STANDARD_LIBRARIES = YES;
				BUNDLE_LOADER = "$(TEST_HOST)";
				CODE_SIGN_STYLE = Automatic;
				CURRENT_PROJECT_VERSION = 1;
				DEVELOPMENT_TEAM = 9KUB4777W2;
				GENERATE_INFOPLIST_FILE = YES;
				IPHONEOS_DEPLOYMENT_TARGET = 16.4;
				MARKETING_VERSION = 1.0;
				PRODUCT_BUNDLE_IDENTIFIER = "com.jeck-lee.ToDoListTests";
				PRODUCT_NAME = "$(TARGET_NAME)";
				SWIFT_EMIT_LOC_STRINGS = NO;
				SWIFT_VERSION = 5.0;
				TARGETED_DEVICE_FAMILY = "1,2";
				TEST_HOST = "$(BUILT_PRODUCTS_DIR)/ToDoList.app/$(BUNDLE_EXECUTABLE_FOLDER_PATH)/ToDoList";
			};
			name = Release;
		};
		3D574EFC2A37F56D002377E4 /* Debug */ = {
			isa = XCBuildConfiguration;
			buildSettings = {
				ALWAYS_EMBED_SWIFT_STANDARD_LIBRARIES = YES;
				CODE_SIGN_STYLE = Automatic;
				CURRENT_PROJECT_VERSION = 1;
				DEVELOPMENT_TEAM = 9KUB4777W2;
				GENERATE_INFOPLIST_FILE = YES;
				MARKETING_VERSION = 1.0;
				PRODUCT_BUNDLE_IDENTIFIER = "com.jeck-lee.ToDoListUITests";
				PRODUCT_NAME = "$(TARGET_NAME)";
				SWIFT_EMIT_LOC_STRINGS = NO;
				SWIFT_VERSION = 5.0;
				TARGETED_DEVICE_FAMILY = "1,2";
				TEST_TARGET_NAME = ToDoList;
			};
			name = Debug;
		};
		3D574EFD2A37F56D002377E4 /* Release */ = {
			isa = XCBuildConfiguration;
			buildSettings = {
				ALWAYS_EMBED_SWIFT_STANDARD_LIBRARIES = YES;
				CODE_SIGN_STYLE = Automatic;
				CURRENT_PROJECT_VERSION = 1;
				DEVELOPMENT_TEAM = 9KUB4777W2;
				GENERATE_INFOPLIST_FILE = YES;
				MARKETING_VERSION = 1.0;
				PRODUCT_BUNDLE_IDENTIFIER = "com.jeck-lee.ToDoListUITests";
				PRODUCT_NAME = "$(TARGET_NAME)";
				SWIFT_EMIT_LOC_STRINGS = NO;
				SWIFT_VERSION = 5.0;
				TARGETED_DEVICE_FAMILY = "1,2";
				TEST_TARGET_NAME = ToDoList;
			};
			name = Release;
		};
/* End XCBuildConfiguration section */

/* Begin XCConfigurationList section */
		3D574ECC2A37F56C002377E4 /* Build configuration list for PBXProject "ToDoList" */ = {
			isa = XCConfigurationList;
			buildConfigurations = (
				3D574EF32A37F56D002377E4 /* Debug */,
				3D574EF42A37F56D002377E4 /* Release */,
			);
			defaultConfigurationIsVisible = 0;
			defaultConfigurationName = Release;
		};
		3D574EF52A37F56D002377E4 /* Build configuration list for PBXNativeTarget "ToDoList" */ = {
			isa = XCConfigurationList;
			buildConfigurations = (
				3D574EF62A37F56D002377E4 /* Debug */,
				3D574EF72A37F56D002377E4 /* Release */,
			);
			defaultConfigurationIsVisible = 0;
			defaultConfigurationName = Release;
		};
		3D574EF82A37F56D002377E4 /* Build configuration list for PBXNativeTarget "ToDoListTests" */ = {
			isa = XCConfigurationList;
			buildConfigurations = (
				3D574EF92A37F56D002377E4 /* Debug */,
				3D574EFA2A37F56D002377E4 /* Release */,
			);
			defaultConfigurationIsVisible = 0;
			defaultConfigurationName = Release;
		};
		3D574EFB2A37F56D002377E4 /* Build configuration list for PBXNativeTarget "ToDoListUITests" */ = {
			isa = XCConfigurationList;
			buildConfigurations = (
				3D574EFC2A37F56D002377E4 /* Debug */,
				3D574EFD2A37F56D002377E4 /* Release */,
			);
			defaultConfigurationIsVisible = 0;
			defaultConfigurationName = Release;
		};
/* End XCConfigurationList section */

/* Begin XCRemoteSwiftPackageReference section */
		3D574F092A39E042002377E4 /* XCRemoteSwiftPackageReference "realm-cocoa" */ = {
			isa = XCRemoteSwiftPackageReference;
			repositoryURL = "https://github.com/realm/realm-cocoa.git";
			requirement = {
				branch = master;
				kind = branch;
			};
		};
/* End XCRemoteSwiftPackageReference section */

/* Begin XCSwiftPackageProductDependency section */
		3D574F0A2A39E042002377E4 /* Realm */ = {
			isa = XCSwiftPackageProductDependency;
			package = 3D574F092A39E042002377E4 /* XCRemoteSwiftPackageReference "realm-cocoa" */;
			productName = Realm;
		};
		3D574F0C2A39E042002377E4 /* RealmSwift */ = {
			isa = XCSwiftPackageProductDependency;
			package = 3D574F092A39E042002377E4 /* XCRemoteSwiftPackageReference "realm-cocoa" */;
			productName = RealmSwift;
		};
/* End XCSwiftPackageProductDependency section */
	};
	rootObject = 3D574EC92A37F56C002377E4 /* Project object */;
}
